
Microsoft Visual Studio Solution File, Format Version 12.00
# Visual Studio Version 17
VisualStudioVersion = 17.14.36408.4 d17.14
MinimumVisualStudioVersion = 10.0.40219.1
Project("{FAE04EC0-301F-11D3-BF4B-00C04F79EFBC}") = "MeuAppMaui", "MeuAppMaui\MeuAppMaui.csproj", "{AB72FE85-11FF-4C09-8358-B1F264209335}"
EndProject
Global
	GlobalSection(SolutionConfigurationPlatforms) = preSolution
		Debug|Any CPU = Debug|Any CPU
		Release|Any CPU = Release|Any CPU
	EndGlobalSection
	GlobalSection(ProjectConfigurationPlatforms) = postSolution
		{AB72FE85-11FF-4C09-8358-B1F264209335}.Debug|Any CPU.ActiveCfg = Debug|Any CPU
		{AB72FE85-11FF-4C09-8358-B1F264209335}.Debug|Any CPU.Build.0 = Debug|Any CPU
		{AB72FE85-11FF-4C09-8358-B1F264209335}.Release|Any CPU.ActiveCfg = Release|Any CPU
		{AB72FE85-11FF-4C09-8358-B1F264209335}.Release|Any CPU.Build.0 = Release|Any CPU
	EndGlobalSection
	GlobalSection(SolutionProperties) = preSolution
		HideSolutionNode = FALSE
	EndGlobalSection
	GlobalSection(ExtensibilityGlobals) = postSolution
		SolutionGuid = {15CA2EDE-5B0E-4470-9D29-50F4ED12451A}
	EndGlobalSection
EndGlobal
